
Microsoft Visual Studio Solution File, Format Version 12.00
# Visual Studio Version 16
VisualStudioVersion = 16.0.31515.178
MinimumVisualStudioVersion = 10.0.40219.1
Project("{9A19103F-16F7-4668-BE54-9A1E7A4F7556}") = "EmployeeManagement", "EmployeeManagement\EmployeeManagement.csproj", "{A70F6D9C-4685-4865-B593-D8A1ED76B091}"
EndProject
Project("{FAE04EC0-301F-11D3-BF4B-00C04F79EFBC}") = "EmployeeManagementTest", "EmployeeManagementTest\EmployeeManagementTest.csproj", "{733CFFEE-0D47-44B8-A98F-C4498BB3DE5A}"
EndProject
Global
	GlobalSection(SolutionConfigurationPlatforms) = preSolution
		Debug|Any CPU = Debug|Any CPU
		Release|Any CPU = Release|Any CPU
	EndGlobalSection
	GlobalSection(ProjectConfigurationPlatforms) = postSolution
		{A70F6D9C-4685-4865-B593-D8A1ED76B091}.Debug|Any CPU.ActiveCfg = Debug|Any CPU
		{A70F6D9C-4685-4865-B593-D8A1ED76B091}.Debug|Any CPU.Build.0 = Debug|Any CPU
		{A70F6D9C-4685-4865-B593-D8A1ED76B091}.Release|Any CPU.ActiveCfg = Release|Any CPU
		{A70F6D9C-4685-4865-B593-D8A1ED76B091}.Release|Any CPU.Build.0 = Release|Any CPU
		{733CFFEE-0D47-44B8-A98F-C4498BB3DE5A}.Debug|Any CPU.ActiveCfg = Debug|Any CPU
		{733CFFEE-0D47-44B8-A98F-C4498BB3DE5A}.Debug|Any CPU.Build.0 = Debug|Any CPU
		{733CFFEE-0D47-44B8-A98F-C4498BB3DE5A}.Release|Any CPU.ActiveCfg = Release|Any CPU
		{733CFFEE-0D47-44B8-A98F-C4498BB3DE5A}.Release|Any CPU.Build.0 = Release|Any CPU
	EndGlobalSection
	GlobalSection(SolutionProperties) = preSolution
		HideSolutionNode = FALSE
	EndGlobalSection
	GlobalSection(ExtensibilityGlobals) = postSolution
		SolutionGuid = {43EA98AC-0A48-483C-86C2-EF79D5377F4A}
	EndGlobalSection
EndGlobal
